
Microsoft Visual Studio Solution File, Format Version 12.00
# Visual Studio 15
VisualStudioVersion = 15.0.28010.2046
MinimumVisualStudioVersion = 10.0.40219.1
Project("{FAE04EC0-301F-11D3-BF4B-00C04F79EFBC}") = "Lecture64Strings", "Lecture64Strings\Lecture64Strings.csproj", "{6B728892-F2CA-445A-80DD-C1D49E69004D}"
EndProject
Global
	GlobalSection(SolutionConfigurationPlatforms) = preSolution
		Debug|Any CPU = Debug|Any CPU
		Release|Any CPU = Release|Any CPU
	EndGlobalSection
	GlobalSection(ProjectConfigurationPlatforms) = postSolution
		{6B728892-F2CA-445A-80DD-C1D49E69004D}.Debug|Any CPU.ActiveCfg = Debug|Any CPU
		{6B728892-F2CA-445A-80DD-C1D49E69004D}.Debug|Any CPU.Build.0 = Debug|Any CPU
		{6B728892-F2CA-445A-80DD-C1D49E69004D}.Release|Any CPU.ActiveCfg = Release|Any CPU
		{6B728892-F2CA-445A-80DD-C1D49E69004D}.Release|Any CPU.Build.0 = Release|Any CPU
	EndGlobalSection
	GlobalSection(SolutionProperties) = preSolution
		HideSolutionNode = FALSE
	EndGlobalSection
	GlobalSection(ExtensibilityGlobals) = postSolution
		SolutionGuid = {0F13F8F1-D6EE-4DF8-B418-9429C9399B4A}
	EndGlobalSection
EndGlobal
