
Microsoft Visual Studio Solution File, Format Version 12.00
# Visual Studio 15
VisualStudioVersion = 15.0.28010.2046
MinimumVisualStudioVersion = 10.0.40219.1
Project("{FAE04EC0-301F-11D3-BF4B-00C04F79EFBC}") = "Lecture69ProceduralProgramming", "Lecture69ProceduralProgramming\Lecture69ProceduralProgramming.csproj", "{BDED8FEA-AE24-4A5C-B929-C0B57F7C3B9F}"
EndProject
Global
	GlobalSection(SolutionConfigurationPlatforms) = preSolution
		Debug|Any CPU = Debug|Any CPU
		Release|Any CPU = Release|Any CPU
	EndGlobalSection
	GlobalSection(ProjectConfigurationPlatforms) = postSolution
		{BDED8FEA-AE24-4A5C-B929-C0B57F7C3B9F}.Debug|Any CPU.ActiveCfg = Debug|Any CPU
		{BDED8FEA-AE24-4A5C-B929-C0B57F7C3B9F}.Debug|Any CPU.Build.0 = Debug|Any CPU
		{BDED8FEA-AE24-4A5C-B929-C0B57F7C3B9F}.Release|Any CPU.ActiveCfg = Release|Any CPU
		{BDED8FEA-AE24-4A5C-B929-C0B57F7C3B9F}.Release|Any CPU.Build.0 = Release|Any CPU
	EndGlobalSection
	GlobalSection(SolutionProperties) = preSolution
		HideSolutionNode = FALSE
	EndGlobalSection
	GlobalSection(ExtensibilityGlobals) = postSolution
		SolutionGuid = {B3937595-E1B7-44A0-AFBD-5F226B8EBDA9}
	EndGlobalSection
EndGlobal
