
Microsoft Visual Studio Solution File, Format Version 12.00
# Visual Studio 15
VisualStudioVersion = 15.0.28010.2046
MinimumVisualStudioVersion = 10.0.40219.1
Project("{FAE04EC0-301F-11D3-BF4B-00C04F79EFBC}") = "Lecture75Path", "Lecture75Path\Lecture75Path.csproj", "{270DB197-3CBF-4EB0-BF3A-FD4E186D75E4}"
EndProject
Global
	GlobalSection(SolutionConfigurationPlatforms) = preSolution
		Debug|Any CPU = Debug|Any CPU
		Release|Any CPU = Release|Any CPU
	EndGlobalSection
	GlobalSection(ProjectConfigurationPlatforms) = postSolution
		{270DB197-3CBF-4EB0-BF3A-FD4E186D75E4}.Debug|Any CPU.ActiveCfg = Debug|Any CPU
		{270DB197-3CBF-4EB0-BF3A-FD4E186D75E4}.Debug|Any CPU.Build.0 = Debug|Any CPU
		{270DB197-3CBF-4EB0-BF3A-FD4E186D75E4}.Release|Any CPU.ActiveCfg = Release|Any CPU
		{270DB197-3CBF-4EB0-BF3A-FD4E186D75E4}.Release|Any CPU.Build.0 = Release|Any CPU
	EndGlobalSection
	GlobalSection(SolutionProperties) = preSolution
		HideSolutionNode = FALSE
	EndGlobalSection
	GlobalSection(ExtensibilityGlobals) = postSolution
		SolutionGuid = {FA505E25-67EC-49C5-8E12-64B7348BE7F0}
	EndGlobalSection
EndGlobal
