
Microsoft Visual Studio Solution File, Format Version 12.00
# Visual Studio 15
VisualStudioVersion = 15.0.28010.2046
MinimumVisualStudioVersion = 10.0.40219.1
Project("{FAE04EC0-301F-11D3-BF4B-00C04F79EFBC}") = "Lecture56Exercise4", "Lecture56Exercise4\Lecture56Exercise4.csproj", "{E49CACB5-11A7-4A7A-B8E5-1BA3C4D33F80}"
EndProject
Global
	GlobalSection(SolutionConfigurationPlatforms) = preSolution
		Debug|Any CPU = Debug|Any CPU
		Release|Any CPU = Release|Any CPU
	EndGlobalSection
	GlobalSection(ProjectConfigurationPlatforms) = postSolution
		{E49CACB5-11A7-4A7A-B8E5-1BA3C4D33F80}.Debug|Any CPU.ActiveCfg = Debug|Any CPU
		{E49CACB5-11A7-4A7A-B8E5-1BA3C4D33F80}.Debug|Any CPU.Build.0 = Debug|Any CPU
		{E49CACB5-11A7-4A7A-B8E5-1BA3C4D33F80}.Release|Any CPU.ActiveCfg = Release|Any CPU
		{E49CACB5-11A7-4A7A-B8E5-1BA3C4D33F80}.Release|Any CPU.Build.0 = Release|Any CPU
	EndGlobalSection
	GlobalSection(SolutionProperties) = preSolution
		HideSolutionNode = FALSE
	EndGlobalSection
	GlobalSection(ExtensibilityGlobals) = postSolution
		SolutionGuid = {3499E071-76C3-491D-BCD5-2B4E3BF53F89}
	EndGlobalSection
EndGlobal
