
Microsoft Visual Studio Solution File, Format Version 12.00
# Visual Studio 15
VisualStudioVersion = 15.0.28010.2046
MinimumVisualStudioVersion = 10.0.40219.1
Project("{FAE04EC0-301F-11D3-BF4B-00C04F79EFBC}") = "Section4Arrays", "Section4Arrays\Section4Arrays.csproj", "{AE3DD0FB-BA3C-4254-A72B-1C87FFE36700}"
EndProject
Global
	GlobalSection(SolutionConfigurationPlatforms) = preSolution
		Debug|Any CPU = Debug|Any CPU
		Release|Any CPU = Release|Any CPU
	EndGlobalSection
	GlobalSection(ProjectConfigurationPlatforms) = postSolution
		{AE3DD0FB-BA3C-4254-A72B-1C87FFE36700}.Debug|Any CPU.ActiveCfg = Debug|Any CPU
		{AE3DD0FB-BA3C-4254-A72B-1C87FFE36700}.Debug|Any CPU.Build.0 = Debug|Any CPU
		{AE3DD0FB-BA3C-4254-A72B-1C87FFE36700}.Release|Any CPU.ActiveCfg = Release|Any CPU
		{AE3DD0FB-BA3C-4254-A72B-1C87FFE36700}.Release|Any CPU.Build.0 = Release|Any CPU
	EndGlobalSection
	GlobalSection(SolutionProperties) = preSolution
		HideSolutionNode = FALSE
	EndGlobalSection
	GlobalSection(ExtensibilityGlobals) = postSolution
		SolutionGuid = {E1843951-504D-4E2A-AF9A-48229F9E3237}
	EndGlobalSection
EndGlobal
