
Microsoft Visual Studio Solution File, Format Version 12.00
# Visual Studio 15
VisualStudioVersion = 15.0.28010.2046
MinimumVisualStudioVersion = 10.0.40219.1
Project("{FAE04EC0-301F-11D3-BF4B-00C04F79EFBC}") = "Lecture49Exercise2", "Lecture49Exercise2\Lecture49Exercise2.csproj", "{5A6CF578-E018-41DE-9808-565392422ACF}"
EndProject
Global
	GlobalSection(SolutionConfigurationPlatforms) = preSolution
		Debug|Any CPU = Debug|Any CPU
		Release|Any CPU = Release|Any CPU
	EndGlobalSection
	GlobalSection(ProjectConfigurationPlatforms) = postSolution
		{5A6CF578-E018-41DE-9808-565392422ACF}.Debug|Any CPU.ActiveCfg = Debug|Any CPU
		{5A6CF578-E018-41DE-9808-565392422ACF}.Debug|Any CPU.Build.0 = Debug|Any CPU
		{5A6CF578-E018-41DE-9808-565392422ACF}.Release|Any CPU.ActiveCfg = Release|Any CPU
		{5A6CF578-E018-41DE-9808-565392422ACF}.Release|Any CPU.Build.0 = Release|Any CPU
	EndGlobalSection
	GlobalSection(SolutionProperties) = preSolution
		HideSolutionNode = FALSE
	EndGlobalSection
	GlobalSection(ExtensibilityGlobals) = postSolution
		SolutionGuid = {2697DC16-900F-4F1E-9DE0-4193A0B935ED}
	EndGlobalSection
EndGlobal
